
Microsoft Visual Studio Solution File, Format Version 12.00
# Visual Studio Version 17
VisualStudioVersion = 17.4.33205.214
MinimumVisualStudioVersion = 10.0.40219.1
Project("{9A19103F-16F7-4668-BE54-9A1E7A4F7556}") = "SportsLibrary", "SportsLibrary\SportsLibrary.csproj", "{ED3C35FA-4D71-4E20-AF73-CB7D944D6247}"
EndProject
Project("{9A19103F-16F7-4668-BE54-9A1E7A4F7556}") = "SportsTester", "..\SportsTester\SportsTester.csproj", "{FB5167A9-3784-4893-915B-B8EDE44B643F}"
EndProject
Project("{9A19103F-16F7-4668-BE54-9A1E7A4F7556}") = "SportsFinalProject", "..\SportsFinalProject\SportsFinalProject.csproj", "{88DE72C8-571A-4281-8951-862394A4BB9A}"
EndProject
Global
	GlobalSection(SolutionConfigurationPlatforms) = preSolution
		Debug|Any CPU = Debug|Any CPU
		Release|Any CPU = Release|Any CPU
	EndGlobalSection
	GlobalSection(ProjectConfigurationPlatforms) = postSolution
		{ED3C35FA-4D71-4E20-AF73-CB7D944D6247}.Debug|Any CPU.ActiveCfg = Debug|Any CPU
		{ED3C35FA-4D71-4E20-AF73-CB7D944D6247}.Debug|Any CPU.Build.0 = Debug|Any CPU
		{ED3C35FA-4D71-4E20-AF73-CB7D944D6247}.Release|Any CPU.ActiveCfg = Release|Any CPU
		{ED3C35FA-4D71-4E20-AF73-CB7D944D6247}.Release|Any CPU.Build.0 = Release|Any CPU
		{FB5167A9-3784-4893-915B-B8EDE44B643F}.Debug|Any CPU.ActiveCfg = Debug|Any CPU
		{FB5167A9-3784-4893-915B-B8EDE44B643F}.Debug|Any CPU.Build.0 = Debug|Any CPU
		{FB5167A9-3784-4893-915B-B8EDE44B643F}.Release|Any CPU.ActiveCfg = Release|Any CPU
		{FB5167A9-3784-4893-915B-B8EDE44B643F}.Release|Any CPU.Build.0 = Release|Any CPU
		{88DE72C8-571A-4281-8951-862394A4BB9A}.Debug|Any CPU.ActiveCfg = Debug|Any CPU
		{88DE72C8-571A-4281-8951-862394A4BB9A}.Debug|Any CPU.Build.0 = Debug|Any CPU
		{88DE72C8-571A-4281-8951-862394A4BB9A}.Release|Any CPU.ActiveCfg = Release|Any CPU
		{88DE72C8-571A-4281-8951-862394A4BB9A}.Release|Any CPU.Build.0 = Release|Any CPU
	EndGlobalSection
	GlobalSection(SolutionProperties) = preSolution
		HideSolutionNode = FALSE
	EndGlobalSection
	GlobalSection(ExtensibilityGlobals) = postSolution
		SolutionGuid = {FB1446CA-5A4E-4B51-8BB6-0B64999FCD18}
	EndGlobalSection
EndGlobal
